Microsoft Visual Studio Solution File, Format Version 12.00
# Visual Studio Version 17
VisualStudioVersion = 17.5.2.0
MinimumVisualStudioVersion = 10.0.40219.1
Project("{FAE04EC0-301F-11D3-BF4B-00C04F79EFBC}") = "RadixTrustedProxy", "RadixTrustedProxy.csproj", "{DA675815-7945-02FC-9DD8-538AD90696F8}"
EndProject
Global
	GlobalSection(SolutionConfigurationPlatforms) = preSolution
		Debug|Any CPU = Debug|Any CPU
		Release|Any CPU = Release|Any CPU
	EndGlobalSection
	GlobalSection(ProjectConfigurationPlatforms) = postSolution
		{DA675815-7945-02FC-9DD8-538AD90696F8}.Debug|Any CPU.ActiveCfg = Debug|Any CPU
		{DA675815-7945-02FC-9DD8-538AD90696F8}.Debug|Any CPU.Build.0 = Debug|Any CPU
		{DA675815-7945-02FC-9DD8-538AD90696F8}.Release|Any CPU.ActiveCfg = Release|Any CPU
		{DA675815-7945-02FC-9DD8-538AD90696F8}.Release|Any CPU.Build.0 = Release|Any CPU
	EndGlobalSection
	GlobalSection(SolutionProperties) = preSolution
		HideSolutionNode = FALSE
	EndGlobalSection
	GlobalSection(ExtensibilityGlobals) = postSolution
		SolutionGuid = {985847C7-A844-4A60-A505-85E60C0A148B}
	EndGlobalSection
EndGlobal
